
Microsoft Visual Studio Solution File, Format Version 12.00
# Visual Studio Version 16
VisualStudioVersion = 16.0.30330.147
MinimumVisualStudioVersion = 10.0.40219.1
Project("{FAE04EC0-301F-11D3-BF4B-00C04F79EFBC}") = "FallingApples", "FallingApples.csproj", "{4FC746D2-C83F-4624-87EF-D4F6FA4C82FE}"
EndProject
Global
	GlobalSection(SolutionConfigurationPlatforms) = preSolution
		Debug|Any CPU = Debug|Any CPU
		Release|Any CPU = Release|Any CPU
	EndGlobalSection
	GlobalSection(ProjectConfigurationPlatforms) = postSolution
		{4FC746D2-C83F-4624-87EF-D4F6FA4C82FE}.Debug|Any CPU.ActiveCfg = Debug|Any CPU
		{4FC746D2-C83F-4624-87EF-D4F6FA4C82FE}.Debug|Any CPU.Build.0 = Debug|Any CPU
		{4FC746D2-C83F-4624-87EF-D4F6FA4C82FE}.Release|Any CPU.ActiveCfg = Release|Any CPU
		{4FC746D2-C83F-4624-87EF-D4F6FA4C82FE}.Release|Any CPU.Build.0 = Release|Any CPU
	EndGlobalSection
	GlobalSection(SolutionProperties) = preSolution
		HideSolutionNode = FALSE
	EndGlobalSection
	GlobalSection(ExtensibilityGlobals) = postSolution
		SolutionGuid = {F6F2A214-1DAA-4A1C-AB4E-38EE2F5D5994}
	EndGlobalSection
EndGlobal
